// !$*UTF8*$!
{
	archiveVersion = 1;
	classes = {
	};
	objectVersion = 50;
	objects = {

/* Begin PBXBuildFile section */
		3D60A7B62370CCE300809DC0 /* Alamofire.framework in Frameworks */ = {isa = PBXBuildFile; fileRef = 3D60A7A92370CC2000809DC0 /* Alamofire.framework */; };
		3D60A7B72370CCE300809DC0 /* Alamofire.framework in Embed Frameworks */ = {isa = PBXBuildFile; fileRef = 3D60A7A92370CC2000809DC0 /* Alamofire.framework */; settings = {ATTRIBUTES = (CodeSignOnCopy, RemoveHeadersOnCopy, ); }; };
		3DD1B203236CC91C00F898D5 /* AppDelegate.swift in Sources */ = {isa = PBXBuildFile; fileRef = 3DD1B202236CC91C00F898D5 /* AppDelegate.swift */; };
		3DD1B205236CC91C00F898D5 /* ViewController.swift in Sources */ = {isa = PBXBuildFile; fileRef = 3DD1B204236CC91C00F898D5 /* ViewController.swift */; };
		3DD1B208236CC91C00F898D5 /* Main.storyboard in Resources */ = {isa = PBXBuildFile; fileRef = 3DD1B206236CC91C00F898D5 /* Main.storyboard */; };
		3DD1B20A236CC91E00F898D5 /* Assets.xcassets in Resources */ = {isa = PBXBuildFile; fileRef = 3DD1B209236CC91E00F898D5 /* Assets.xcassets */; };
		3DD1B20D236CC91E00F898D5 /* LaunchScreen.storyboard in Resources */ = {isa = PBXBuildFile; fileRef = 3DD1B20B236CC91E00F898D5 /* LaunchScreen.storyboard */; };
		3DD1B218236CC91E00F898D5 /* eventosTests.swift in Sources */ = {isa = PBXBuildFile; fileRef = 3DD1B217236CC91E00F898D5 /* eventosTests.swift */; };
		3DD1B223236CC91E00F898D5 /* eventosUITests.swift in Sources */ = {isa = PBXBuildFile; fileRef = 3DD1B222236CC91E00F898D5 /* eventosUITests.swift */; };
		3DD1B236236CCCDD00F898D5 /* CeldaEventoController.swift in Sources */ = {isa = PBXBuildFile; fileRef = 3DD1B235236CCCDD00F898D5 /* CeldaEventoController.swift */; };
		3DD1B238236CCE3200F898D5 /* Evento.swift in Sources */ = {isa = PBXBuildFile; fileRef = 3DD1B237236CCE3200F898D5 /* Evento.swift */; };
/* End PBXBuildFile section */

/* Begin PBXContainerItemProxy section */
		3D60A7A82370CC2000809DC0 /* PBXContainerItemProxy */ = {
			isa = PBXContainerItemProxy;
			containerPortal = 3D60A79E2370CC2000809DC0 /* Alamofire.xcodeproj */;
			proxyType = 2;
			remoteGlobalIDString = F8111E3319A95C8B0040E7D1;
			remoteInfo = "Alamofire iOS";
		};
		3D60A7AA2370CC2000809DC0 /* PBXContainerItemProxy */ = {
			isa = PBXContainerItemProxy;
			containerPortal = 3D60A79E2370CC2000809DC0 /* Alamofire.xcodeproj */;
			proxyType = 2;
			remoteGlobalIDString = F8111E3E19A95C8B0040E7D1;
			remoteInfo = "Alamofire iOS Tests";
		};
		3D60A7AC2370CC2000809DC0 /* PBXContainerItemProxy */ = {
			isa = PBXContainerItemProxy;
			containerPortal = 3D60A79E2370CC2000809DC0 /* Alamofire.xcodeproj */;
			proxyType = 2;
			remoteGlobalIDString = 4DD67C0B1A5C55C900ED2280;
			remoteInfo = "Alamofire macOS";
		};
		3D60A7AE2370CC2000809DC0 /* PBXContainerItemProxy */ = {
			isa = PBXContainerItemProxy;
			containerPortal = 3D60A79E2370CC2000809DC0 /* Alamofire.xcodeproj */;
			proxyType = 2;
			remoteGlobalIDString = F829C6B21A7A94F100A2CD59;
			remoteInfo = "Alamofire macOS Tests";
		};
		3D60A7B02370CC2000809DC0 /* PBXContainerItemProxy */ = {
			isa = PBXContainerItemProxy;
			containerPortal = 3D60A79E2370CC2000809DC0 /* Alamofire.xcodeproj */;
			proxyType = 2;
			remoteGlobalIDString = 4CF626EF1BA7CB3E0011A099;
			remoteInfo = "Alamofire tvOS";
		};
		3D60A7B22370CC2000809DC0 /* PBXContainerItemProxy */ = {
			isa = PBXContainerItemProxy;
			containerPortal = 3D60A79E2370CC2000809DC0 /* Alamofire.xcodeproj */;
			proxyType = 2;
			remoteGlobalIDString = 4CF626F81BA7CB3E0011A099;
			remoteInfo = "Alamofire tvOS Tests";
		};
		3D60A7B42370CC2000809DC0 /* PBXContainerItemProxy */ = {
			isa = PBXContainerItemProxy;
			containerPortal = 3D60A79E2370CC2000809DC0 /* Alamofire.xcodeproj */;
			proxyType = 2;
			remoteGlobalIDString = E4202FE01B667AA100C997FB;
			remoteInfo = "Alamofire watchOS";
		};
		3D60A7B82370CCE300809DC0 /* PBXContainerItemProxy */ = {
			isa = PBXContainerItemProxy;
			containerPortal = 3D60A79E2370CC2000809DC0 /* Alamofire.xcodeproj */;
			proxyType = 1;
			remoteGlobalIDString = F8111E3219A95C8B0040E7D1;
			remoteInfo = "Alamofire iOS";
		};
		3DD1B214236CC91E00F898D5 /* PBXContainerItemProxy */ = {
			isa = PBXContainerItemProxy;
			containerPortal = 3DD1B1F7236CC91C00F898D5 /* Project object */;
			proxyType = 1;
			remoteGlobalIDString = 3DD1B1FE236CC91C00F898D5;
			remoteInfo = eventos;
		};
		3DD1B21F236CC91E00F898D5 /* PBXContainerItemProxy */ = {
			isa = PBXContainerItemProxy;
			containerPortal = 3DD1B1F7236CC91C00F898D5 /* Project object */;
			proxyType = 1;
			remoteGlobalIDString = 3DD1B1FE236CC91C00F898D5;
			remoteInfo = eventos;
		};
/* End PBXContainerItemProxy section */

/* Begin PBXCopyFilesBuildPhase section */
		3D60A7BA2370CCE300809DC0 /* Embed Frameworks */ = {
			isa = PBXCopyFilesBuildPhase;
			buildActionMask = 2147483647;
			dstPath = "";
			dstSubfolderSpec = 10;
			files = (
				3D60A7B72370CCE300809DC0 /* Alamofire.framework in Embed Frameworks */,
			);
			name = "Embed Frameworks";
			runOnlyForDeploymentPostprocessing = 0;
		};
/* End PBXCopyFilesBuildPhase section */

/* Begin PBXFileReference section */
		3D60A79E2370CC2000809DC0 /* Alamofire.xcodeproj */ = {isa = PBXFileReference; lastKnownFileType = "wrapper.pb-project"; name = Alamofire.xcodeproj; path = Alamofire/Alamofire.xcodeproj; sourceTree = "<group>"; };
		3DD1B1FF236CC91C00F898D5 /* eventos.app */ = {isa = PBXFileReference; explicitFileType = wrapper.application; includeInIndex = 0; path = eventos.app; sourceTree = BUILT_PRODUCTS_DIR; };
		3DD1B202236CC91C00F898D5 /* AppDelegate.swift */ = {isa = PBXFileReference; lastKnownFileType = sourcecode.swift; path = AppDelegate.swift; sourceTree = "<group>"; };
		3DD1B204236CC91C00F898D5 /* ViewController.swift */ = {isa = PBXFileReference; lastKnownFileType = sourcecode.swift; path = ViewController.swift; sourceTree = "<group>"; };
		3DD1B207236CC91C00F898D5 /* Base */ = {isa = PBXFileReference; lastKnownFileType = file.storyboard; name = Base; path = Base.lproj/Main.storyboard; sourceTree = "<group>"; };
		3DD1B209236CC91E00F898D5 /* Assets.xcassets */ = {isa = PBXFileReference; lastKnownFileType = folder.assetcatalog; path = Assets.xcassets; sourceTree = "<group>"; };
		3DD1B20C236CC91E00F898D5 /* Base */ = {isa = PBXFileReference; lastKnownFileType = file.storyboard; name = Base; path = Base.lproj/LaunchScreen.storyboard; sourceTree = "<group>"; };
		3DD1B20E236CC91E00F898D5 /* Info.plist */ = {isa = PBXFileReference; lastKnownFileType = text.plist.xml; path = Info.plist; sourceTree = "<group>"; };
		3DD1B213236CC91E00F898D5 /* eventosTests.xctest */ = {isa = PBXFileReference; explicitFileType = wrapper.cfbundle; includeInIndex = 0; path = eventosTests.xctest; sourceTree = BUILT_PRODUCTS_DIR; };
		3DD1B217236CC91E00F898D5 /* eventosTests.swift */ = {isa = PBXFileReference; lastKnownFileType = sourcecode.swift; path = eventosTests.swift; sourceTree = "<group>"; };
		3DD1B219236CC91E00F898D5 /* Info.plist */ = {isa = PBXFileReference; lastKnownFileType = text.plist.xml; path = Info.plist; sourceTree = "<group>"; };
		3DD1B21E236CC91E00F898D5 /* eventosUITests.xctest */ = {isa = PBXFileReference; explicitFileType = wrapper.cfbundle; includeInIndex = 0; path = eventosUITests.xctest; sourceTree = BUILT_PRODUCTS_DIR; };
		3DD1B222236CC91E00F898D5 /* eventosUITests.swift */ = {isa = PBXFileReference; lastKnownFileType = sourcecode.swift; path = eventosUITests.swift; sourceTree = "<group>"; };
		3DD1B224236CC91E00F898D5 /* Info.plist */ = {isa = PBXFileReference; lastKnownFileType = text.plist.xml; path = Info.plist; sourceTree = "<group>"; };
		3DD1B235236CCCDD00F898D5 /* CeldaEventoController.swift */ = {isa = PBXFileReference; lastKnownFileType = sourcecode.swift; path = CeldaEventoController.swift; sourceTree = "<group>"; };
		3DD1B237236CCE3200F898D5 /* Evento.swift */ = {isa = PBXFileReference; lastKnownFileType = sourcecode.swift; path = Evento.swift; sourceTree = "<group>"; };
/* End PBXFileReference section */

/* Begin PBXFrameworksBuildPhase section */
		3DD1B1FC236CC91C00F898D5 /* Frameworks */ = {
			isa = PBXFrameworksBuildPhase;
			buildActionMask = 2147483647;
			files = (
				3D60A7B62370CCE300809DC0 /* Alamofire.framework in Frameworks */,
			);
			runOnlyForDeploymentPostprocessing = 0;
		};
		3DD1B210236CC91E00F898D5 /* Frameworks */ = {
			isa = PBXFrameworksBuildPhase;
			buildActionMask = 2147483647;
			files = (
			);
			runOnlyForDeploymentPostprocessing = 0;
		};
		3DD1B21B236CC91E00F898D5 /* Frameworks */ = {
			isa = PBXFrameworksBuildPhase;
			buildActionMask = 2147483647;
			files = (
			);
			runOnlyForDeploymentPostprocessing = 0;
		};
/* End PBXFrameworksBuildPhase section */

/* Begin PBXGroup section */
		3D60A79F2370CC2000809DC0 /* Products */ = {
			isa = PBXGroup;
			children = (
				3D60A7A92370CC2000809DC0 /* Alamofire.framework */,
				3D60A7AB2370CC2000809DC0 /* Alamofire iOS Tests.xctest */,
				3D60A7AD2370CC2000809DC0 /* Alamofire.framework */,
				3D60A7AF2370CC2000809DC0 /* Alamofire macOS Tests.xctest */,
				3D60A7B12370CC2000809DC0 /* Alamofire.framework */,
				3D60A7B32370CC2000809DC0 /* Alamofire tvOS Tests.xctest */,
				3D60A7B52370CC2000809DC0 /* Alamofire.framework */,
			);
			name = Products;
			sourceTree = "<group>";
		};
		3DD1B1F6236CC91C00F898D5 = {
			isa = PBXGroup;
			children = (
				3D60A79E2370CC2000809DC0 /* Alamofire.xcodeproj */,
				3DD1B201236CC91C00F898D5 /* eventos */,
				3DD1B216236CC91E00F898D5 /* eventosTests */,
				3DD1B221236CC91E00F898D5 /* eventosUITests */,
				3DD1B200236CC91C00F898D5 /* Products */,
			);
			sourceTree = "<group>";
		};
		3DD1B200236CC91C00F898D5 /* Products */ = {
			isa = PBXGroup;
			children = (
				3DD1B1FF236CC91C00F898D5 /* eventos.app */,
				3DD1B213236CC91E00F898D5 /* eventosTests.xctest */,
				3DD1B21E236CC91E00F898D5 /* eventosUITests.xctest */,
			);
			name = Products;
			sourceTree = "<group>";
		};
		3DD1B201236CC91C00F898D5 /* eventos */ = {
			isa = PBXGroup;
			children = (
				3DD1B234236CCA3E00F898D5 /* Models */,
				3DD1B233236CCA3300F898D5 /* Storyboards */,
				3DD1B232236CCA2900F898D5 /* App */,
				3DD1B231236CCA2200F898D5 /* Resources */,
				3DD1B230236CCA1000F898D5 /* ViewController */,
			);
			path = eventos;
			sourceTree = "<group>";
		};
		3DD1B216236CC91E00F898D5 /* eventosTests */ = {
			isa = PBXGroup;
			children = (
				3DD1B217236CC91E00F898D5 /* eventosTests.swift */,
				3DD1B219236CC91E00F898D5 /* Info.plist */,
			);
			path = eventosTests;
			sourceTree = "<group>";
		};
		3DD1B221236CC91E00F898D5 /* eventosUITests */ = {
			isa = PBXGroup;
			children = (
				3DD1B222236CC91E00F898D5 /* eventosUITests.swift */,
				3DD1B224236CC91E00F898D5 /* Info.plist */,
			);
			path = eventosUITests;
			sourceTree = "<group>";
		};
		3DD1B230236CCA1000F898D5 /* ViewController */ = {
			isa = PBXGroup;
			children = (
				3DD1B204236CC91C00F898D5 /* ViewController.swift */,
				3DD1B235236CCCDD00F898D5 /* CeldaEventoController.swift */,
			);
			name = ViewController;
			sourceTree = "<group>";
		};
		3DD1B231236CCA2200F898D5 /* Resources */ = {
			isa = PBXGroup;
			children = (
				3DD1B209236CC91E00F898D5 /* Assets.xcassets */,
			);
			name = Resources;
			sourceTree = "<group>";
		};
		3DD1B232236CCA2900F898D5 /* App */ = {
			isa = PBXGroup;
			children = (
				3DD1B202236CC91C00F898D5 /* AppDelegate.swift */,
				3DD1B20E236CC91E00F898D5 /* Info.plist */,
			);
			name = App;
			sourceTree = "<group>";
		};
		3DD1B233236CCA3300F898D5 /* Storyboards */ = {
			isa = PBXGroup;
			children = (
				3DD1B206236CC91C00F898D5 /* Main.storyboard */,
				3DD1B20B236CC91E00F898D5 /* LaunchScreen.storyboard */,
			);
			name = Storyboards;
			sourceTree = "<group>";
		};
		3DD1B234236CCA3E00F898D5 /* Models */ = {
			isa = PBXGroup;
			children = (
				3DD1B237236CCE3200F898D5 /* Evento.swift */,
			);
			name = Models;
			sourceTree = "<group>";
		};
/* End PBXGroup section */

/* Begin PBXNativeTarget section */
		3DD1B1FE236CC91C00F898D5 /* eventos */ = {
			isa = PBXNativeTarget;
			buildConfigurationList = 3DD1B227236CC91E00F898D5 /* Build configuration list for PBXNativeTarget "eventos" */;
			buildPhases = (
				3DD1B1FB236CC91C00F898D5 /* Sources */,
				3DD1B1FC236CC91C00F898D5 /* Frameworks */,
				3DD1B1FD236CC91C00F898D5 /* Resources */,
				3D60A7BA2370CCE300809DC0 /* Embed Frameworks */,
			);
			buildRules = (
			);
			dependencies = (
				3D60A7B92370CCE300809DC0 /* PBXTargetDependency */,
			);
			name = eventos;
			productName = eventos;
			productReference = 3DD1B1FF236CC91C00F898D5 /* eventos.app */;
			productType = "com.apple.product-type.application";
		};
		3DD1B212236CC91E00F898D5 /* eventosTests */ = {
			isa = PBXNativeTarget;
			buildConfigurationList = 3DD1B22A236CC91E00F898D5 /* Build configuration list for PBXNativeTarget "eventosTests" */;
			buildPhases = (
				3DD1B20F236CC91E00F898D5 /* Sources */,
				3DD1B210236CC91E00F898D5 /* Frameworks */,
				3DD1B211236CC91E00F898D5 /* Resources */,
			);
			buildRules = (
			);
			dependencies = (
				3DD1B215236CC91E00F898D5 /* PBXTargetDependency */,
			);
			name = eventosTests;
			productName = eventosTests;
			productReference = 3DD1B213236CC91E00F898D5 /* eventosTests.xctest */;
			productType = "com.apple.product-type.bundle.unit-test";
		};
		3DD1B21D236CC91E00F898D5 /* eventosUITests */ = {
			isa = PBXNativeTarget;
			buildConfigurationList = 3DD1B22D236CC91E00F898D5 /* Build configuration list for PBXNativeTarget "eventosUITests" */;
			buildPhases = (
				3DD1B21A236CC91E00F898D5 /* Sources */,
				3DD1B21B236CC91E00F898D5 /* Frameworks */,
				3DD1B21C236CC91E00F898D5 /* Resources */,
			);
			buildRules = (
			);
			dependencies = (
				3DD1B220236CC91E00F898D5 /* PBXTargetDependency */,
			);
			name = eventosUITests;
			productName = eventosUITests;
			productReference = 3DD1B21E236CC91E00F898D5 /* eventosUITests.xctest */;
			productType = "com.apple.product-type.bundle.ui-testing";
		};
/* End PBXNativeTarget section */

/* Begin PBXProject section */
		3DD1B1F7236CC91C00F898D5 /* Project object */ = {
			isa = PBXProject;
			attributes = {
				LastSwiftUpdateCheck = 1030;
				LastUpgradeCheck = 1030;
				ORGANIZATIONNAME = fer;
				TargetAttributes = {
					3DD1B1FE236CC91C00F898D5 = {
						CreatedOnToolsVersion = 10.3;
					};
					3DD1B212236CC91E00F898D5 = {
						CreatedOnToolsVersion = 10.3;
						TestTargetID = 3DD1B1FE236CC91C00F898D5;
					};
					3DD1B21D236CC91E00F898D5 = {
						CreatedOnToolsVersion = 10.3;
						TestTargetID = 3DD1B1FE236CC91C00F898D5;
					};
				};
			};
			buildConfigurationList = 3DD1B1FA236CC91C00F898D5 /* Build configuration list for PBXProject "eventos" */;
			compatibilityVersion = "Xcode 9.3";
			developmentRegion = en;
			hasScannedForEncodings = 0;
			knownRegions = (
				en,
				Base,
			);
			mainGroup = 3DD1B1F6236CC91C00F898D5;
			productRefGroup = 3DD1B200236CC91C00F898D5 /* Products */;
			projectDirPath = "";
			projectReferences = (
				{
					ProductGroup = 3D60A79F2370CC2000809DC0 /* Products */;
					ProjectRef = 3D60A79E2370CC2000809DC0 /* Alamofire.xcodeproj */;
				},
			);
			projectRoot = "";
			targets = (
				3DD1B1FE236CC91C00F898D5 /* eventos */,
				3DD1B212236CC91E00F898D5 /* eventosTests */,
				3DD1B21D236CC91E00F898D5 /* eventosUITests */,
			);
		};
/* End PBXProject section */

/* Begin PBXReferenceProxy section */
		3D60A7A92370CC2000809DC0 /* Alamofire.framework */ = {
			isa = PBXReferenceProxy;
			fileType = wrapper.framework;
			path = Alamofire.framework;
			remoteRef = 3D60A7A82370CC2000809DC0 /* PBXContainerItemProxy */;
			sourceTree = BUILT_PRODUCTS_DIR;
		};
		3D60A7AB2370CC2000809DC0 /* Alamofire iOS Tests.xctest */ = {
			isa = PBXReferenceProxy;
			fileType = wrapper.cfbundle;
			path = "Alamofire iOS Tests.xctest";
			remoteRef = 3D60A7AA2370CC2000809DC0 /* PBXContainerItemProxy */;
			sourceTree = BUILT_PRODUCTS_DIR;
		};
		3D60A7AD2370CC2000809DC0 /* Alamofire.framework */ = {
			isa = PBXReferenceProxy;
			fileType = wrapper.framework;
			path = Alamofire.framework;
			remoteRef = 3D60A7AC2370CC2000809DC0 /* PBXContainerItemProxy */;
			sourceTree = BUILT_PRODUCTS_DIR;
		};
		3D60A7AF2370CC2000809DC0 /* Alamofire macOS Tests.xctest */ = {
			isa = PBXReferenceProxy;
			fileType = wrapper.cfbundle;
			path = "Alamofire macOS Tests.xctest";
			remoteRef = 3D60A7AE2370CC2000809DC0 /* PBXContainerItemProxy */;
			sourceTree = BUILT_PRODUCTS_DIR;
		};
		3D60A7B12370CC2000809DC0 /* Alamofire.framework */ = {
			isa = PBXReferenceProxy;
			fileType = wrapper.framework;
			path = Alamofire.framework;
			remoteRef = 3D60A7B02370CC2000809DC0 /* PBXContainerItemProxy */;
			sourceTree = BUILT_PRODUCTS_DIR;
		};
		3D60A7B32370CC2000809DC0 /* Alamofire tvOS Tests.xctest */ = {
			isa = PBXReferenceProxy;
			fileType = wrapper.cfbundle;
			path = "Alamofire tvOS Tests.xctest";
			remoteRef = 3D60A7B22370CC2000809DC0 /* PBXContainerItemProxy */;
			sourceTree = BUILT_PRODUCTS_DIR;
		};
		3D60A7B52370CC2000809DC0 /* Alamofire.framework */ = {
			isa = PBXReferenceProxy;
			fileType = wrapper.framework;
			path = Alamofire.framework;
			remoteRef = 3D60A7B42370CC2000809DC0 /* PBXContainerItemProxy */;
			sourceTree = BUILT_PRODUCTS_DIR;
		};
/* End PBXReferenceProxy section */

/* Begin PBXResourcesBuildPhase section */
		3DD1B1FD236CC91C00F898D5 /* Resources */ = {
			isa = PBXResourcesBuildPhase;
			buildActionMask = 2147483647;
			files = (
				3DD1B20D236CC91E00F898D5 /* LaunchScreen.storyboard in Resources */,
				3DD1B20A236CC91E00F898D5 /* Assets.xcassets in Resources */,
				3DD1B208236CC91C00F898D5 /* Main.storyboard in Resources */,
			);
			runOnlyForDeploymentPostprocessing = 0;
		};
		3DD1B211236CC91E00F898D5 /* Resources */ = {
			isa = PBXResourcesBuildPhase;
			buildActionMask = 2147483647;
			files = (
			);
			runOnlyForDeploymentPostprocessing = 0;
		};
		3DD1B21C236CC91E00F898D5 /* Resources */ = {
			isa = PBXResourcesBuildPhase;
			buildActionMask = 2147483647;
			files = (
			);
			runOnlyForDeploymentPostprocessing = 0;
		};
/* End PBXResourcesBuildPhase section */

/* Begin PBXSourcesBuildPhase section */
		3DD1B1FB236CC91C00F898D5 /* Sources */ = {
			isa = PBXSourcesBuildPhase;
			buildActionMask = 2147483647;
			files = (
				3DD1B238236CCE3200F898D5 /* Evento.swift in Sources */,
				3DD1B205236CC91C00F898D5 /* ViewController.swift in Sources */,
				3DD1B236236CCCDD00F898D5 /* CeldaEventoController.swift in Sources */,
				3DD1B203236CC91C00F898D5 /* AppDelegate.swift in Sources */,
			);
			runOnlyForDeploymentPostprocessing = 0;
		};
		3DD1B20F236CC91E00F898D5 /* Sources */ = {
			isa = PBXSourcesBuildPhase;
			buildActionMask = 2147483647;
			files = (
				3DD1B218236CC91E00F898D5 /* eventosTests.swift in Sources */,
			);
			runOnlyForDeploymentPostprocessing = 0;
		};
		3DD1B21A236CC91E00F898D5 /* Sources */ = {
			isa = PBXSourcesBuildPhase;
			buildActionMask = 2147483647;
			files = (
				3DD1B223236CC91E00F898D5 /* eventosUITests.swift in Sources */,
			);
			runOnlyForDeploymentPostprocessing = 0;
		};
/* End PBXSourcesBuildPhase section */

/* Begin PBXTargetDependency section */
		3D60A7B92370CCE300809DC0 /* PBXTargetDependency */ = {
			isa = PBXTargetDependency;
			name = "Alamofire iOS";
			targetProxy = 3D60A7B82370CCE300809DC0 /* PBXContainerItemProxy */;
		};
		3DD1B215236CC91E00F898D5 /* PBXTargetDependency */ = {
			isa = PBXTargetDependency;
			target = 3DD1B1FE236CC91C00F898D5 /* eventos */;
			targetProxy = 3DD1B214236CC91E00F898D5 /* PBXContainerItemProxy */;
		};
		3DD1B220236CC91E00F898D5 /* PBXTargetDependency */ = {
			isa = PBXTargetDependency;
			target = 3DD1B1FE236CC91C00F898D5 /* eventos */;
			targetProxy = 3DD1B21F236CC91E00F898D5 /* PBXContainerItemProxy */;
		};
/* End PBXTargetDependency section */

/* Begin PBXVariantGroup section */
		3DD1B206236CC91C00F898D5 /* Main.storyboard */ = {
			isa = PBXVariantGroup;
			children = (
				3DD1B207236CC91C00F898D5 /* Base */,
			);
			name = Main.storyboard;
			sourceTree = "<group>";
		};
		3DD1B20B236CC91E00F898D5 /* LaunchScreen.storyboard */ = {
			isa = PBXVariantGroup;
			children = (
				3DD1B20C236CC91E00F898D5 /* Base */,
			);
			name = LaunchScreen.storyboard;
			sourceTree = "<group>";
		};
/* End PBXVariantGroup section */

/* Begin XCBuildConfiguration section */
		3DD1B225236CC91E00F898D5 /* Debug */ = {
			isa = XCBuildConfiguration;
			buildSettings = {
				ALWAYS_SEARCH_USER_PATHS = NO;
				CLANG_ANALYZER_NONNULL = YES;
				CLANG_ANALYZER_NUMBER_OBJECT_CONVERSION = YES_AGGRESSIVE;
				CLANG_CXX_LANGUAGE_STANDARD = "gnu++14";
				CLANG_CXX_LIBRARY = "libc++";
				CLANG_ENABLE_MODULES = YES;
				CLANG_ENABLE_OBJC_ARC = YES;
				CLANG_ENABLE_OBJC_WEAK = YES;
				CLANG_WARN_BLOCK_CAPTURE_AUTORELEASING = YES;
				CLANG_WARN_BOOL_CONVERSION = YES;
				CLANG_WARN_COMMA = YES;
				CLANG_WARN_CONSTANT_CONVERSION = YES;
				CLANG_WARN_DEPRECATED_OBJC_IMPLEMENTATIONS = YES;
				CLANG_WARN_DIRECT_OBJC_ISA_USAGE = YES_ERROR;
				CLANG_WARN_DOCUMENTATION_COMMENTS = YES;
				CLANG_WARN_EMPTY_BODY = YES;
				CLANG_WARN_ENUM_CONVERSION = YES;
				CLANG_WARN_INFINITE_RECURSION = YES;
				CLANG_WARN_INT_CONVERSION = YES;
				CLANG_WARN_NON_LITERAL_NULL_CONVERSION = YES;
				CLANG_WARN_OBJC_IMPLICIT_RETAIN_SELF = YES;
				CLANG_WARN_OBJC_LITERAL_CONVERSION = YES;
				CLANG_WARN_OBJC_ROOT_CLASS = YES_ERROR;
				CLANG_WARN_RANGE_LOOP_ANALYSIS = YES;
				CLANG_WARN_STRICT_PROTOTYPES = YES;
				CLANG_WARN_SUSPICIOUS_MOVE = YES;
				CLANG_WARN_UNGUARDED_AVAILABILITY = YES_AGGRESSIVE;
				CLANG_WARN_UNREACHABLE_CODE = YES;
				CLANG_WARN__DUPLICATE_METHOD_MATCH = YES;
				CODE_SIGN_IDENTITY = "iPhone Developer";
				COPY_PHASE_STRIP = NO;
				DEBUG_INFORMATION_FORMAT = dwarf;
				ENABLE_STRICT_OBJC_MSGSEND = YES;
				ENABLE_TESTABILITY = YES;
				GCC_C_LANGUAGE_STANDARD = gnu11;
				GCC_DYNAMIC_NO_PIC = NO;
				GCC_NO_COMMON_BLOCKS = YES;
				GCC_OPTIMIZATION_LEVEL = 0;
				GCC_PREPROCESSOR_DEFINITIONS = (
					"DEBUG=1",
					"$(inherited)",
				);
				GCC_WARN_64_TO_32_BIT_CONVERSION = YES;
				GCC_WARN_ABOUT_RETURN_TYPE = YES_ERROR;
				GCC_WARN_UNDECLARED_SELECTOR = YES;
				GCC_WARN_UNINITIALIZED_AUTOS = YES_AGGRESSIVE;
				GCC_WARN_UNUSED_FUNCTION = YES;
				GCC_WARN_UNUSED_VARIABLE = YES;
				IPHONEOS_DEPLOYMENT_TARGET = 12.4;
				MTL_ENABLE_DEBUG_INFO = INCLUDE_SOURCE;
				MTL_FAST_MATH = YES;
				ONLY_ACTIVE_ARCH = YES;
				SDKROOT = iphoneos;
				SWIFT_ACTIVE_COMPILATION_CONDITIONS = DEBUG;
				SWIFT_OPTIMIZATION_LEVEL = "-Onone";
			};
			name = Debug;
		};
		3DD1B226236CC91E00F898D5 /* Release */ = {
			isa = XCBuildConfiguration;
			buildSettings = {
				ALWAYS_SEARCH_USER_PATHS = NO;
				CLANG_ANALYZER_NONNULL = YES;
				CLANG_ANALYZER_NUMBER_OBJECT_CONVERSION = YES_AGGRESSIVE;
				CLANG_CXX_LANGUAGE_STANDARD = "gnu++14";
				CLANG_CXX_LIBRARY = "libc++";
				CLANG_ENABLE_MODULES = YES;
				CLANG_ENABLE_OBJC_ARC = YES;
				CLANG_ENABLE_OBJC_WEAK = YES;
				CLANG_WARN_BLOCK_CAPTURE_AUTORELEASING = YES;
				CLANG_WARN_BOOL_CONVERSION = YES;
				CLANG_WARN_COMMA = YES;
				CLANG_WARN_CONSTANT_CONVERSION = YES;
				CLANG_WARN_DEPRECATED_OBJC_IMPLEMENTATIONS = YES;
				CLANG_WARN_DIRECT_OBJC_ISA_USAGE = YES_ERROR;
				CLANG_WARN_DOCUMENTATION_COMMENTS = YES;
				CLANG_WARN_EMPTY_BODY = YES;
				CLANG_WARN_ENUM_CONVERSION = YES;
				CLANG_WARN_INFINITE_RECURSION = YES;
				CLANG_WARN_INT_CONVERSION = YES;
				CLANG_WARN_NON_LITERAL_NULL_CONVERSION = YES;
				CLANG_WARN_OBJC_IMPLICIT_RETAIN_SELF = YES;
				CLANG_WARN_OBJC_LITERAL_CONVERSION = YES;
				CLANG_WARN_OBJC_ROOT_CLASS = YES_ERROR;
				CLANG_WARN_RANGE_LOOP_ANALYSIS = YES;
				CLANG_WARN_STRICT_PROTOTYPES = YES;
				CLANG_WARN_SUSPICIOUS_MOVE = YES;
				CLANG_WARN_UNGUARDED_AVAILABILITY = YES_AGGRESSIVE;
				CLANG_WARN_UNREACHABLE_CODE = YES;
				CLANG_WARN__DUPLICATE_METHOD_MATCH = YES;
				CODE_SIGN_IDENTITY = "iPhone Developer";
				COPY_PHASE_STRIP = NO;
				DEBUG_INFORMATION_FORMAT = "dwarf-with-dsym";
				ENABLE_NS_ASSERTIONS = NO;
				ENABLE_STRICT_OBJC_MSGSEND = YES;
				GCC_C_LANGUAGE_STANDARD = gnu11;
				GCC_NO_COMMON_BLOCKS = YES;
				GCC_WARN_64_TO_32_BIT_CONVERSION = YES;
				GCC_WARN_ABOUT_RETURN_TYPE = YES_ERROR;
				GCC_WARN_UNDECLARED_SELECTOR = YES;
				GCC_WARN_UNINITIALIZED_AUTOS = YES_AGGRESSIVE;
				GCC_WARN_UNUSED_FUNCTION = YES;
				GCC_WARN_UNUSED_VARIABLE = YES;
				IPHONEOS_DEPLOYMENT_TARGET = 12.4;
				MTL_ENABLE_DEBUG_INFO = NO;
				MTL_FAST_MATH = YES;
				SDKROOT = iphoneos;
				SWIFT_COMPILATION_MODE = wholemodule;
				SWIFT_OPTIMIZATION_LEVEL = "-O";
				VALIDATE_PRODUCT = YES;
			};
			name = Release;
		};
		3DD1B228236CC91E00F898D5 /* Debug */ = {
			isa = XCBuildConfiguration;
			buildSettings = {
				ALWAYS_EMBED_SWIFT_STANDARD_LIBRARIES = YES;
				ASSETCATALOG_COMPILER_APPICON_NAME = AppIcon;
				CODE_SIGN_STYLE = Automatic;
				INFOPLIST_FILE = eventos/Info.plist;
				LD_RUNPATH_SEARCH_PATHS = (
					"$(inherited)",
					"@executable_path/Frameworks",
				);
				PRODUCT_BUNDLE_IDENTIFIER = mx.fer.eventos;
				PRODUCT_NAME = "$(TARGET_NAME)";
				SWIFT_VERSION = 5.0;
				TARGETED_DEVICE_FAMILY = "1,2";
			};
			name = Debug;
		};
		3DD1B229236CC91E00F898D5 /* Release */ = {
			isa = XCBuildConfiguration;
			buildSettings = {
				ALWAYS_EMBED_SWIFT_STANDARD_LIBRARIES = YES;
				ASSETCATALOG_COMPILER_APPICON_NAME = AppIcon;
				CODE_SIGN_STYLE = Automatic;
				INFOPLIST_FILE = eventos/Info.plist;
				LD_RUNPATH_SEARCH_PATHS = (
					"$(inherited)",
					"@executable_path/Frameworks",
				);
				PRODUCT_BUNDLE_IDENTIFIER = mx.fer.eventos;
				PRODUCT_NAME = "$(TARGET_NAME)";
				SWIFT_VERSION = 5.0;
				TARGETED_DEVICE_FAMILY = "1,2";
			};
			name = Release;
		};
		3DD1B22B236CC91E00F898D5 /* Debug */ = {
			isa = XCBuildConfiguration;
			buildSettings = {
				ALWAYS_EMBED_SWIFT_STANDARD_LIBRARIES = YES;
				BUNDLE_LOADER = "$(TEST_HOST)";
				CODE_SIGN_STYLE = Automatic;
				INFOPLIST_FILE = eventosTests/Info.plist;
				LD_RUNPATH_SEARCH_PATHS = (
					"$(inherited)",
					"@executable_path/Frameworks",
					"@loader_path/Frameworks",
				);
				PRODUCT_BUNDLE_IDENTIFIER = mx.fer.eventosTests;
				PRODUCT_NAME = "$(TARGET_NAME)";
				SWIFT_VERSION = 5.0;
				TARGETED_DEVICE_FAMILY = "1,2";
				TEST_HOST = "$(BUILT_PRODUCTS_DIR)/eventos.app/eventos";
			};
			name = Debug;
		};
		3DD1B22C236CC91E00F898D5 /* Release */ = {
			isa = XCBuildConfiguration;
			buildSettings = {
				ALWAYS_EMBED_SWIFT_STANDARD_LIBRARIES = YES;
				BUNDLE_LOADER = "$(TEST_HOST)";
				CODE_SIGN_STYLE = Automatic;
				INFOPLIST_FILE = eventosTests/Info.plist;
				LD_RUNPATH_SEARCH_PATHS = (
					"$(inherited)",
					"@executable_path/Frameworks",
					"@loader_path/Frameworks",
				);
				PRODUCT_BUNDLE_IDENTIFIER = mx.fer.eventosTests;
				PRODUCT_NAME = "$(TARGET_NAME)";
				SWIFT_VERSION = 5.0;
				TARGETED_DEVICE_FAMILY = "1,2";
				TEST_HOST = "$(BUILT_PRODUCTS_DIR)/eventos.app/eventos";
			};
			name = Release;
		};
		3DD1B22E236CC91E00F898D5 /* Debug */ = {
			isa = XCBuildConfiguration;
			buildSettings = {
				ALWAYS_EMBED_SWIFT_STANDARD_LIBRARIES = YES;
				CODE_SIGN_STYLE = Automatic;
				INFOPLIST_FILE = eventosUITests/Info.plist;
				LD_RUNPATH_SEARCH_PATHS = (
					"$(inherited)",
					"@executable_path/Frameworks",
					"@loader_path/Frameworks",
				);
				PRODUCT_BUNDLE_IDENTIFIER = mx.fer.eventosUITests;
				PRODUCT_NAME = "$(TARGET_NAME)";
				SWIFT_VERSION = 5.0;
				TARGETED_DEVICE_FAMILY = "1,2";
				TEST_TARGET_NAME = eventos;
			};
			name = Debug;
		};
		3DD1B22F236CC91E00F898D5 /* Release */ = {
			isa = XCBuildConfiguration;
			buildSettings = {
				ALWAYS_EMBED_SWIFT_STANDARD_LIBRARIES = YES;
				CODE_SIGN_STYLE = Automatic;
				INFOPLIST_FILE = eventosUITests/Info.plist;
				LD_RUNPATH_SEARCH_PATHS = (
					"$(inherited)",
					"@executable_path/Frameworks",
					"@loader_path/Frameworks",
				);
				PRODUCT_BUNDLE_IDENTIFIER = mx.fer.eventosUITests;
				PRODUCT_NAME = "$(TARGET_NAME)";
				SWIFT_VERSION = 5.0;
				TARGETED_DEVICE_FAMILY = "1,2";
				TEST_TARGET_NAME = eventos;
			};
			name = Release;
		};
/* End XCBuildConfiguration section */

/* Begin XCConfigurationList section */
		3DD1B1FA236CC91C00F898D5 /* Build configuration list for PBXProject "eventos" */ = {
			isa = XCConfigurationList;
			buildConfigurations = (
				3DD1B225236CC91E00F898D5 /* Debug */,
				3DD1B226236CC91E00F898D5 /* Release */,
			);
			defaultConfigurationIsVisible = 0;
			defaultConfigurationName = Release;
		};
		3DD1B227236CC91E00F898D5 /* Build configuration list for PBXNativeTarget "eventos" */ = {
			isa = XCConfigurationList;
			buildConfigurations = (
				3DD1B228236CC91E00F898D5 /* Debug */,
				3DD1B229236CC91E00F898D5 /* Release */,
			);
			defaultConfigurationIsVisible = 0;
			defaultConfigurationName = Release;
		};
		3DD1B22A236CC91E00F898D5 /* Build configuration list for PBXNativeTarget "eventosTests" */ = {
			isa = XCConfigurationList;
			buildConfigurations = (
				3DD1B22B236CC91E00F898D5 /* Debug */,
				3DD1B22C236CC91E00F898D5 /* Release */,
			);
			defaultConfigurationIsVisible = 0;
			defaultConfigurationName = Release;
		};
		3DD1B22D236CC91E00F898D5 /* Build configuration list for PBXNativeTarget "eventosUITests" */ = {
			isa = XCConfigurationList;
			buildConfigurations = (
				3DD1B22E236CC91E00F898D5 /* Debug */,
				3DD1B22F236CC91E00F898D5 /* Release */,
			);
			defaultConfigurationIsVisible = 0;
			defaultConfigurationName = Release;
		};
/* End XCConfigurationList section */
	};
	rootObject = 3DD1B1F7236CC91C00F898D5 /* Project object */;
}
